
Microsoft Visual Studio Solution File, Format Version 12.00
# Visual Studio Version 16
VisualStudioVersion = 16.0.31624.102
MinimumVisualStudioVersion = 10.0.40219.1
Project("{FAE04EC0-301F-11D3-BF4B-00C04F79EFBC}") = "NEA2", "NEA2\NEA2.csproj", "{F008EFBD-1F0E-4F8E-9BCE-0AC0D7A85E41}"
EndProject
Global
	GlobalSection(SolutionConfigurationPlatforms) = preSolution
		Debug|Any CPU = Debug|Any CPU
		Release|Any CPU = Release|Any CPU
	EndGlobalSection
	GlobalSection(ProjectConfigurationPlatforms) = postSolution
		{F008EFBD-1F0E-4F8E-9BCE-0AC0D7A85E41}.Debug|Any CPU.ActiveCfg = Debug|Any CPU
		{F008EFBD-1F0E-4F8E-9BCE-0AC0D7A85E41}.Debug|Any CPU.Build.0 = Debug|Any CPU
		{F008EFBD-1F0E-4F8E-9BCE-0AC0D7A85E41}.Release|Any CPU.ActiveCfg = Release|Any CPU
		{F008EFBD-1F0E-4F8E-9BCE-0AC0D7A85E41}.Release|Any CPU.Build.0 = Release|Any CPU
	EndGlobalSection
	GlobalSection(SolutionProperties) = preSolution
		HideSolutionNode = FALSE
	EndGlobalSection
	GlobalSection(ExtensibilityGlobals) = postSolution
		SolutionGuid = {37919E5C-C345-41EE-B726-4159A05D095C}
	EndGlobalSection
EndGlobal
